{
    "_meta": {
        "hash": {
            "sha256": "e3427c797554e64ea8091ad61e5dbfb3d379a7391914dbd09f98f68bd7c02911"
        },
        "pipfile-spec": 6,
        "requires": {
            "python_version": "3.7"
        },
        "sources": [
            {
                "name": "pypi",
                "url": "https://pypi.org/simple",
                "verify_ssl": true
            }
        ]
    },
    "default": {
        "ndjson": {
            "hashes": [
                "sha256:d3e8a793bc089a39ac534fe55b9aef85af655ea553c38d8d8173ce1747b438e6",
                "sha256:d7baaf34c4d314f551662027726f157c78c38889a4fc39d1f9b8d4f5f0ecb521"
            ],
            "index": "pypi",
            "version": "==0.2.0"
        }
    },
    "develop": {
        "sqlalchemy": {
            "hashes": [
                "sha256:64a7b71846db6423807e96820993fa12a03b89127d278290ca25c0b11ed7b4fb",
                "sha256:9ba6047cfcbabcb36df361a29f30def97d3a8914a6614d4a7d51e88c7f2adfe4"
            ],
            "index": "pypi",
            "version": "==1.3.13"
        }
    }
}
